{
    "_readme": [
        "This file locks the dependencies of your project to a known state",
        "Read more about it at http://getcomposer.org/doc/01-basic-usage.md#composer-lock-the-lock-file"
    ],
    "hash": "21e5e56901f7b90bf32297a3c8f21ac8",
    "packages": [
        {
            "name": "browscap/browscap-php",
            "version": "dev-master",
            "source": {
                "type": "git",
                "url": "https://github.com/browscap/browscap-php.git",
                "reference": "d97bcca2aa0418f0424599671f93011cd867cf7b"
            },
            "dist": {
                "type": "zip",
                "url": "https://api.github.com/repos/browscap/browscap-php/zipball/d97bcca2aa0418f0424599671f93011cd867cf7b",
                "reference": "d97bcca2aa0418f0424599671f93011cd867cf7b",
                "shasum": ""
            },
            "require": {
                "php": ">=5.3.0"
            },
            "require-dev": {
                "phpunit/phpunit": "*"
            },
            "type": "library",
            "extra": {
                "branch-alias": {
                    "dev-master": "1.0.x-dev"
                }
            },
            "autoload": {
                "psr-0": {
                    "phpbrowscap": "src/"
                }
            },
            "notification-url": "https://packagist.org/downloads/",
            "license": [
                "MIT"
            ],
            "authors": [
                {
                    "name": "Jonathan Stoppani",
                    "email": "jonathan.stoppani@gmail.com"
                }
            ],
            "description": "Standalone replacement for php's native get_browser() function",
            "homepage": "https://github.com/browscap/browscap-php",
            "keywords": [
                "browser",
                "capabilities",
                "get_browser",
                "user agent"
            ],
            "time": "2013-01-17 14:38:41"
        },
        {
            "name": "petebrowne/slim-layout-view",
            "version": "0.1.0",
            "source": {
                "type": "git",
                "url": "https://github.com/petebrowne/slim-layout-view",
                "reference": "v0.1.0"
            },
            "dist": {
                "type": "zip",
                "url": "https://github.com/petebrowne/slim-layout-view/archive/v0.1.0.zip",
                "reference": "v0.1.0",
                "shasum": ""
            },
            "require": {
                "php": ">= 5.3.0",
                "slim/slim": "2.*"
            },
            "require-dev": {
                "phpunit/phpunit": "3.7.*"
            },
            "type": "library",
            "autoload": {
                "psr-0": {
                    "Slim": "."
                }
            },
            "notification-url": "https://packagist.org/downloads/",
            "license": [
                "MIT"
            ],
            "authors": [
                {
                    "name": "Pete Browne",
                    "email": "me@petebrowne.com",
                    "homepage": "http://petebrowne.com",
                    "role": "Developer"
                }
            ],
            "description": "A Custom View supporting Layouts for the Slim Framework.",
            "homepage": "http://petebrowne.com",
            "keywords": [
                "layout",
                "slim",
                "view"
            ],
            "time": "2012-12-29 21:59:10"
        },
        {
            "name": "slim/slim",
            "version": "2.2.0",
            "source": {
                "type": "git",
                "url": "https://github.com/codeguy/Slim",
                "reference": "2.2.0"
            },
            "dist": {
                "type": "zip",
                "url": "https://github.com/codeguy/Slim/archive/2.2.0.zip",
                "reference": "2.2.0",
                "shasum": ""
            },
            "require": {
                "php": ">=5.3.0"
            },
            "type": "library",
            "autoload": {
                "psr-0": {
                    "Slim": "."
                }
            },
            "notification-url": "https://packagist.org/downloads/",
            "license": [
                "MIT"
            ],
            "authors": [
                {
                    "name": "Josh Lockhart",
                    "email": "info@joshlockhart.com",
                    "homepage": "http://www.joshlockhart.com/"
                }
            ],
            "description": "Slim Framework, a PHP micro framework",
            "homepage": "http://github.com/codeguy/Slim",
            "keywords": [
                "microframework",
                "rest",
                "router"
            ],
            "time": "2012-12-13 02:15:50"
        }
    ],
    "packages-dev": [

    ],
    "aliases": [

    ],
    "minimum-stability": "stable",
    "stability-flags": {
        "browscap/browscap-php": 20
    },
    "platform": [

    ],
    "platform-dev": [

    ]
}
